<?xml version="1.0" encoding="UTF-8" standalone="yes" ?>
<CodeBlocks_project_file>
	<FileVersion major="1" minor="6" />
	<Project>
		<Option title="Experiental" />
		<Option pch_mode="2" />
		<Option compiler="gcc" />
		<Build>
			<Target title="LDebug64">
				<Option platforms="Unix;" />
				<Option output="../bin/Debug64/Experiental" prefix_auto="1" extension_auto="1" />
				<Option working_dir="../" />
				<Option object_output="../obj/Debug64/" />
				<Option type="1" />
				<Option compiler="gcc" />
				<Option use_console_runner="0" />
				<Compiler>
					<Add option="-g" />
					<Add option="-DDEBUG" />
				</Compiler>
				<Linker>
					<Add option="-lSDL2 -lSDL2_net -lSDL2_mixer \" />
					<Add option="-lGL -lGLU -lIL -lILU -lopenal \" />
					<Add option="-lCEGUIBase -lCEGUIOpenGLRenderer" />
				</Linker>
			</Target>
			<Target title="LRelease64">
				<Option platforms="Unix;" />
				<Option output="../bin/Release64/Experiental" prefix_auto="1" extension_auto="1" />
				<Option working_dir="../" />
				<Option object_output="../obj/Release64/" />
				<Option type="0" />
				<Option compiler="gcc" />
				<Compiler>
					<Add option="-O2" />
				</Compiler>
				<Linker>
					<Add option="-s" />
					<Add option="-lSDL2 -lSDL2_net -lSDL2_mixer \" />
					<Add option="-lGL -lGLU -lIL -lILU -lopenal \" />
					<Add option="-lCEGUIBase -lCEGUIOpenGLRenderer" />
				</Linker>
			</Target>
			<Target title="WDebug32">
				<Option platforms="Windows;" />
				<Option output="../Experiental" prefix_auto="1" extension_auto="1" />
				<Option working_dir="../" />
				<Option object_output="../obj/Debug64/" />
				<Option type="0" />
				<Option compiler="gcc" />
				<Compiler>
					<Add option="-g" />
					<Add directory="E:/Desktop/Projects/Experiental/master/src/" />
				</Compiler>
				<ResourceCompiler>
					<Add directory="E:/Desktop/Projects/Experiental/master/src/" />
				</ResourceCompiler>
				<Linker>
					<Add option="-lmingw32 -lSDL2main -lSDL2 -lSDL2_net -lSDL2_mixer -lopengl32 -lglu32 -ldevil -lilu" />
					<Add directory="E:/Desktop/Projects/Experiental/master/src/" />
				</Linker>
			</Target>
			<Target title="WRelease64">
				<Option platforms="Windows;" />
				<Option output="../bin/Release64/Experiental" prefix_auto="1" extension_auto="1" />
				<Option working_dir="../" />
				<Option object_output="../obj/Release64/" />
				<Option type="0" />
				<Option compiler="gcc" />
				<Compiler>
					<Add option="-O2" />
				</Compiler>
				<Linker>
					<Add option="-s" />
					<Add option="-lSDL2 -lSDL2_net -lSDL2_mixer \" />
					<Add option="-lGL -lGLU -lIL -lILU \" />
					<Add option="-lCEGUIBase -lCEGUIOpenGLRenderer" />
				</Linker>
			</Target>
		</Build>
		<Compiler>
			<Add option="-Wall" />
			<Add directory="./" />
		</Compiler>
		<Linker>
			<Add directory="./" />
		</Linker>
		<Unit filename="engine.h" />
		<Unit filename="game.cpp" />
		<Unit filename="game.h">
			<Option target="LDebug64" />
		</Unit>
		<Unit filename="game/example.cpp" />
		<Unit filename="game/example.h" />
		<Unit filename="game/tasks/logo.cpp" />
		<Unit filename="game/tasks/logo.h" />
		<Unit filename="globals.cpp" />
		<Unit filename="globals.h">
			<Option target="LDebug64" />
		</Unit>
		<Unit filename="graphics/3dmath.cpp" />
		<Unit filename="graphics/3dmath.h">
			<Option target="LDebug64" />
		</Unit>
		<Unit filename="graphics/cegui.cpp">
			<Option target="LDebug64" />
			<Option target="LRelease64" />
			<Option target="WRelease64" />
		</Unit>
		<Unit filename="graphics/cegui.h">
			<Option target="LDebug64" />
		</Unit>
		<Unit filename="graphics/devIL.cpp" />
		<Unit filename="graphics/devIL.h">
			<Option target="LDebug64" />
		</Unit>
		<Unit filename="graphics/openGL.cpp" />
		<Unit filename="graphics/openGL.h">
			<Option target="LDebug64" />
		</Unit>
		<Unit filename="main.cpp" />
		<Unit filename="main.h">
			<Option target="LDebug64" />
		</Unit>
		<Unit filename="sound/almix.cpp">
			<Option target="LDebug64" />
			<Option target="LRelease64" />
			<Option target="WRelease64" />
		</Unit>
		<Unit filename="sound/almix.h">
			<Option target="LDebug64" />
			<Option target="LRelease64" />
			<Option target="WRelease64" />
		</Unit>
		<Unit filename="sound/fmod.h">
			<Option target="LDebug64" />
			<Option target="LRelease64" />
			<Option target="WRelease64" />
		</Unit>
		<Unit filename="sound/oalwrapper.h">
			<Option target="LDebug64" />
			<Option target="LRelease64" />
			<Option target="WRelease64" />
		</Unit>
		<Unit filename="system/CLog.cpp" />
		<Unit filename="system/CLog.h" />
		<Unit filename="system/SDL.cpp" />
		<Unit filename="system/SDL.h">
			<Option target="LDebug64" />
		</Unit>
		<Unit filename="system/dator.cpp" />
		<Unit filename="system/dator.h" />
		<Unit filename="system/functor.cpp" />
		<Unit filename="system/functor.h" />
		<Unit filename="system/globalTimer.cpp" />
		<Unit filename="system/globalTimer.h" />
		<Unit filename="system/inputTask.cpp" />
		<Unit filename="system/inputTask.h" />
		<Unit filename="system/kernel.cpp" />
		<Unit filename="system/kernel.h" />
		<Unit filename="system/mmanager.cpp" />
		<Unit filename="system/mmanager.h" />
		<Unit filename="system/profiler.cpp" />
		<Unit filename="system/profiler.h" />
		<Unit filename="system/ringBuffer.cpp" />
		<Unit filename="system/ringBuffer.h" />
		<Unit filename="system/serializer.cpp" />
		<Unit filename="system/serializer.h" />
		<Unit filename="system/settingsManager.cpp" />
		<Unit filename="system/settingsManager.h" />
		<Unit filename="system/singleton.cpp" />
		<Unit filename="system/singleton.h" />
		<Unit filename="system/soundTask.cpp" />
		<Unit filename="system/soundTask.h" />
		<Unit filename="system/testTask.cpp" />
		<Unit filename="system/testTask.h" />
		<Unit filename="system/videoUpdate.cpp" />
		<Unit filename="system/videoUpdate.h" />
		<Extensions>
			<envvars />
			<code_completion>
				<search_path add=".\" />
			</code_completion>
			<debugger />
		</Extensions>
	</Project>
</CodeBlocks_project_file>
