<?xml version="1.0" encoding="UTF-8" standalone="yes" ?>
<CodeBlocks_project_file>
	<FileVersion major="1" minor="6" />
	<Project>
		<Option title="Experiental" />
		<Option pch_mode="2" />
		<Option default_target="LDebug64" />
		<Option compiler="gcc" />
		<Build>
			<Target title="LDebug64">
				<Option platforms="Unix;" />
				<Option output="../bin/Debug64/Experiental" prefix_auto="1" extension_auto="1" />
				<Option working_dir="../" />
				<Option object_output="../obj/Debug64/" />
				<Option type="1" />
				<Option compiler="gcc" />
				<Compiler>
					<Add option="-g" />
				</Compiler>
			</Target>
			<Target title="LRelease64">
				<Option platforms="Unix;" />
				<Option output="../bin/Release64/Experiental" prefix_auto="1" extension_auto="1" />
				<Option working_dir="../" />
				<Option object_output="../obj/Release64/" />
				<Option type="0" />
				<Option compiler="gcc" />
				<Compiler>
					<Add option="-O2" />
				</Compiler>
				<Linker>
					<Add option="-s" />
				</Linker>
			</Target>
			<Target title="WDebug64">
				<Option platforms="Windows;" />
				<Option output="../bin/Debug64/Experiental" prefix_auto="1" extension_auto="1" />
				<Option working_dir="../" />
				<Option object_output="../obj/Debug64/" />
				<Option type="1" />
				<Option compiler="gcc" />
				<Compiler>
					<Add option="-g" />
				</Compiler>
			</Target>
			<Target title="WRelease64">
				<Option platforms="Windows;" />
				<Option output="../bin/Release64/Experiental" prefix_auto="1" extension_auto="1" />
				<Option working_dir="../" />
				<Option object_output="../obj/Release64/" />
				<Option type="0" />
				<Option compiler="gcc" />
				<Compiler>
					<Add option="-O2" />
				</Compiler>
				<Linker>
					<Add option="-s" />
				</Linker>
			</Target>
		</Build>
		<VirtualTargets>
			<Add alias="Linux" targets="LDebug64;LRelease64;" />
			<Add alias="Windows" targets="LDebug64;LRelease64;" />
		</VirtualTargets>
		<Compiler>
			<Add option="-Wall" />
			<Add directory="./" />
		</Compiler>
		<Linker>
			<Add option="-lSDL -lGL -lGLU -lIL -lILU -lCEGUIBase -lCEGUIOpenGLRenderer" />
			<Add directory="./" />
		</Linker>
		<Unit filename="CLog.cpp" />
		<Unit filename="CLog.h">
			<Option target="&lt;{~None~}&gt;" />
		</Unit>
		<Unit filename="dator.cpp" />
		<Unit filename="dator.h" />
		<Unit filename="engine.h" />
		<Unit filename="functor.cpp" />
		<Unit filename="functor.h" />
		<Unit filename="game.cpp" />
		<Unit filename="game.h">
			<Option target="&lt;{~None~}&gt;" />
		</Unit>
		<Unit filename="globals.cpp" />
		<Unit filename="globals.h">
			<Option target="&lt;{~None~}&gt;" />
		</Unit>
		<Unit filename="graphics/3dmath.cpp" />
		<Unit filename="graphics/3dmath.h">
			<Option target="&lt;{~None~}&gt;" />
		</Unit>
		<Unit filename="graphics/cegui.cpp" />
		<Unit filename="graphics/cegui.h">
			<Option target="&lt;{~None~}&gt;" />
		</Unit>
		<Unit filename="graphics/devIL.cpp" />
		<Unit filename="graphics/devIL.h">
			<Option target="&lt;{~None~}&gt;" />
		</Unit>
		<Unit filename="graphics/openGL.cpp" />
		<Unit filename="graphics/openGL.h">
			<Option target="&lt;{~None~}&gt;" />
		</Unit>
		<Unit filename="main.cpp" />
		<Unit filename="main.h">
			<Option target="&lt;{~None~}&gt;" />
		</Unit>
		<Unit filename="mmanager.cpp" />
		<Unit filename="mmanager.h" />
		<Unit filename="profiler.cpp" />
		<Unit filename="profiler.h" />
		<Unit filename="ringBuffer.cpp" />
		<Unit filename="ringBuffer.h" />
		<Unit filename="singleton.cpp" />
		<Unit filename="singleton.h" />
		<Unit filename="system/SDL.cpp" />
		<Unit filename="system/SDL.h">
			<Option target="&lt;{~None~}&gt;" />
		</Unit>
		<Unit filename="system/settingsManager.cpp" />
		<Extensions>
			<envvars />
			<code_completion />
			<debugger />
		</Extensions>
	</Project>
</CodeBlocks_project_file>
